
Microsoft Visual Studio Solution File, Format Version 12.00
# Visual Studio Version 17
VisualStudioVersion = 17.4.33403.182
MinimumVisualStudioVersion = 10.0.40219.1
<<<<<<< HEAD
Project("{FAE04EC0-301F-11D3-BF4B-00C04F79EFBC}") = "ProjectoFinal", "ProjectoFinal\ProjectoFinal.csproj", "{BC4750F0-1DC7-4672-8197-89BFBA4FFA77}"
=======
Project("{9A19103F-16F7-4668-BE54-9A1E7A4F7556}") = "ProjectoFinal", "ProjectoFinal\ProjectoFinal.csproj", "{BC4750F0-1DC7-4672-8197-89BFBA4FFA77}"
>>>>>>> 1a45087e0e30216c0c3057a1974f0b2b49bf78e8
EndProject
Global
	GlobalSection(SolutionConfigurationPlatforms) = preSolution
		Debug|Any CPU = Debug|Any CPU
		Release|Any CPU = Release|Any CPU
	EndGlobalSection
	GlobalSection(ProjectConfigurationPlatforms) = postSolution
		{BC4750F0-1DC7-4672-8197-89BFBA4FFA77}.Debug|Any CPU.ActiveCfg = Debug|Any CPU
		{BC4750F0-1DC7-4672-8197-89BFBA4FFA77}.Debug|Any CPU.Build.0 = Debug|Any CPU
		{BC4750F0-1DC7-4672-8197-89BFBA4FFA77}.Release|Any CPU.ActiveCfg = Release|Any CPU
		{BC4750F0-1DC7-4672-8197-89BFBA4FFA77}.Release|Any CPU.Build.0 = Release|Any CPU
	EndGlobalSection
	GlobalSection(SolutionProperties) = preSolution
		HideSolutionNode = FALSE
	EndGlobalSection
	GlobalSection(ExtensibilityGlobals) = postSolution
		SolutionGuid = {A78D47ED-10BD-44C8-B023-9DEC1766853D}
	EndGlobalSection
EndGlobal
